
Microsoft Visual Studio Solution File, Format Version 12.00
# Visual Studio Version 17
VisualStudioVersion = 17.6.33801.468
MinimumVisualStudioVersion = 10.0.40219.1
Project("{FAE04EC0-301F-11D3-BF4B-00C04F79EFBC}") = "Face Detection", "Face Detection.csproj", "{8AD53A69-3396-4C0A-994F-89E9277CB07A}"
EndProject
Global
	GlobalSection(SolutionConfigurationPlatforms) = preSolution
		Debug|Any CPU = Debug|Any CPU
		Release|Any CPU = Release|Any CPU
	EndGlobalSection
	GlobalSection(ProjectConfigurationPlatforms) = postSolution
		{8AD53A69-3396-4C0A-994F-89E9277CB07A}.Debug|Any CPU.ActiveCfg = Debug|Any CPU
		{8AD53A69-3396-4C0A-994F-89E9277CB07A}.Debug|Any CPU.Build.0 = Debug|Any CPU
		{8AD53A69-3396-4C0A-994F-89E9277CB07A}.Release|Any CPU.ActiveCfg = Release|Any CPU
		{8AD53A69-3396-4C0A-994F-89E9277CB07A}.Release|Any CPU.Build.0 = Release|Any CPU
	EndGlobalSection
	GlobalSection(SolutionProperties) = preSolution
		HideSolutionNode = FALSE
	EndGlobalSection
	GlobalSection(ExtensibilityGlobals) = postSolution
		SolutionGuid = {14D7E801-7919-41C5-9C03-7D326FB15FF0}
	EndGlobalSection
EndGlobal
